
Microsoft Visual Studio Solution File, Format Version 12.00
# Visual Studio Version 17
VisualStudioVersion = 17.1.32328.378
MinimumVisualStudioVersion = 10.0.40219.1
Project("{9A19103F-16F7-4668-BE54-9A1E7A4F7556}") = "Hello Open", "Hello Open.csproj", "{B362CB92-3DF0-4505-AEFC-106CD9FBFB56}"
EndProject
Project("{FAE04EC0-301F-11D3-BF4B-00C04F79EFBC}") = "Tema 2", "..\Tema 2\Tema 2.csproj", "{5B24331C-B4D6-4445-8861-6BCBE41B29CF}"
EndProject
Global
	GlobalSection(SolutionConfigurationPlatforms) = preSolution
		Debug|Any CPU = Debug|Any CPU
		Release|Any CPU = Release|Any CPU
	EndGlobalSection
	GlobalSection(ProjectConfigurationPlatforms) = postSolution
		{B362CB92-3DF0-4505-AEFC-106CD9FBFB56}.Debug|Any CPU.ActiveCfg = Debug|Any CPU
		{B362CB92-3DF0-4505-AEFC-106CD9FBFB56}.Debug|Any CPU.Build.0 = Debug|Any CPU
		{B362CB92-3DF0-4505-AEFC-106CD9FBFB56}.Release|Any CPU.ActiveCfg = Release|Any CPU
		{B362CB92-3DF0-4505-AEFC-106CD9FBFB56}.Release|Any CPU.Build.0 = Release|Any CPU
		{5B24331C-B4D6-4445-8861-6BCBE41B29CF}.Debug|Any CPU.ActiveCfg = Debug|Any CPU
		{5B24331C-B4D6-4445-8861-6BCBE41B29CF}.Debug|Any CPU.Build.0 = Debug|Any CPU
		{5B24331C-B4D6-4445-8861-6BCBE41B29CF}.Release|Any CPU.ActiveCfg = Release|Any CPU
		{5B24331C-B4D6-4445-8861-6BCBE41B29CF}.Release|Any CPU.Build.0 = Release|Any CPU
	EndGlobalSection
	GlobalSection(SolutionProperties) = preSolution
		HideSolutionNode = FALSE
	EndGlobalSection
	GlobalSection(ExtensibilityGlobals) = postSolution
		SolutionGuid = {623C08FD-F71C-4E3C-B3E0-30C7F15490C0}
	EndGlobalSection
EndGlobal
